
Microsoft Visual Studio Solution File, Format Version 12.00
# Visual Studio Version 16
VisualStudioVersion = 16.0.30225.117
MinimumVisualStudioVersion = 10.0.40219.1
Project("{FAE04EC0-301F-11D3-BF4B-00C04F79EFBC}") = "honey-badger-runtime", "honey-badger-runtime.csproj", "{99992570-50A1-4FD7-B88C-C012E7A27127}"
EndProject
Project("{FAE04EC0-301F-11D3-BF4B-00C04F79EFBC}") = "hbtest", "..\hbtest\hbtest.csproj", "{100B8912-7FB3-435A-B2B0-5AA791FE1D4C}"
EndProject
Global
	GlobalSection(SolutionConfigurationPlatforms) = preSolution
		Debug|Any CPU = Debug|Any CPU
		Release|Any CPU = Release|Any CPU
	EndGlobalSection
	GlobalSection(ProjectConfigurationPlatforms) = postSolution
		{99992570-50A1-4FD7-B88C-C012E7A27127}.Debug|Any CPU.ActiveCfg = Debug|Any CPU
		{99992570-50A1-4FD7-B88C-C012E7A27127}.Debug|Any CPU.Build.0 = Debug|Any CPU
		{99992570-50A1-4FD7-B88C-C012E7A27127}.Release|Any CPU.ActiveCfg = Release|Any CPU
		{99992570-50A1-4FD7-B88C-C012E7A27127}.Release|Any CPU.Build.0 = Release|Any CPU
		{100B8912-7FB3-435A-B2B0-5AA791FE1D4C}.Debug|Any CPU.ActiveCfg = Debug|Any CPU
		{100B8912-7FB3-435A-B2B0-5AA791FE1D4C}.Debug|Any CPU.Build.0 = Debug|Any CPU
		{100B8912-7FB3-435A-B2B0-5AA791FE1D4C}.Release|Any CPU.ActiveCfg = Release|Any CPU
		{100B8912-7FB3-435A-B2B0-5AA791FE1D4C}.Release|Any CPU.Build.0 = Release|Any CPU
	EndGlobalSection
	GlobalSection(SolutionProperties) = preSolution
		HideSolutionNode = FALSE
	EndGlobalSection
	GlobalSection(ExtensibilityGlobals) = postSolution
		SolutionGuid = {AC82DB67-5D41-4F45-B4F5-F938AF2B7ADC}
	EndGlobalSection
EndGlobal
